{
  "version": 4,
  "terraform_version": "1.2.6",
  "serial": 7,
  "lineage": "523ee5ec-86eb-3f9a-fd7f-5b347d12db32",
  "outputs": {},
  "resources": [
    {
      "mode": "managed",
      "type": "azurerm_resource_group",
      "name": "terraform_test_resource",
      "provider": "provider[\"registry.terraform.io/hashicorp/azurerm\"]",
      "instances": [
        {
          "schema_version": 0,
          "attributes": {
            "id": "/subscriptions/500cebd9-6205-4ba8-8b1d-94f3c8b32d32/resourceGroups/terraform_test_resource-1",
            "location": "westeurope",
            "name": "terraform_test_resource-1",
            "tags": {},
            "timeouts": null
          },
          "sensitive_attributes": [],
          "private": "eyJlMmJmYjczMC1lY2FhLTExZTYtOGY4OC0zNDM2M2JjN2M0YzAiOnsiY3JlYXRlIjo1NDAwMDAwMDAwMDAwLCJkZWxldGUiOjU0MDAwMDAwMDAwMDAsInJlYWQiOjMwMDAwMDAwMDAwMCwidXBkYXRlIjo1NDAwMDAwMDAwMDAwfX0="
        }
      ]
    },
    {
      "mode": "managed",
      "type": "azurerm_resource_group",
      "name": "terraform_test_resource2",
      "provider": "provider[\"registry.terraform.io/hashicorp/azurerm\"].provider2-northeurope",
      "instances": [
        {
          "schema_version": 0,
          "attributes": {
            "id": "/subscriptions/500cebd9-6205-4ba8-8b1d-94f3c8b32d32/resourceGroups/terraform_test_resource-2",
            "location": "northeurope",
            "name": "terraform_test_resource-2",
            "tags": null,
            "timeouts": null
          },
          "sensitive_attributes": [],
          "private": "eyJlMmJmYjczMC1lY2FhLTExZTYtOGY4OC0zNDM2M2JjN2M0YzAiOnsiY3JlYXRlIjo1NDAwMDAwMDAwMDAwLCJkZWxldGUiOjU0MDAwMDAwMDAwMDAsInJlYWQiOjMwMDAwMDAwMDAwMCwidXBkYXRlIjo1NDAwMDAwMDAwMDAwfX0="
        }
      ]
    }
  ]
}
